// !$*UTF8*$!
{
	archiveVersion = 1;
	classes = {
	};
	objectVersion = 56;
	objects = {

/* Begin PBXBuildFile section */
		3E33C78B2C34A2EA0087F2D8 /* TodoCalendarView.swift in Sources */ = {isa = PBXBuildFile; fileRef = 3E33C78A2C34A2EA0087F2D8 /* TodoCalendarView.swift */; };
		3E33C78D2C34B7140087F2D8 /* TodoCalendarCell.swift in Sources */ = {isa = PBXBuildFile; fileRef = 3E33C78C2C34B7140087F2D8 /* TodoCalendarCell.swift */; };
		3E33C78F2C34B7750087F2D8 /* CalendarCollectionCell.swift in Sources */ = {isa = PBXBuildFile; fileRef = 3E33C78E2C34B7750087F2D8 /* CalendarCollectionCell.swift */; };
		3EED72F02C1F2BF000B55F2F /* SceneDelegate.swift in Sources */ = {isa = PBXBuildFile; fileRef = 3EED72EF2C1F2BF000B55F2F /* SceneDelegate.swift */; };
		3EED72F22C1F2BF000B55F2F /* ViewController.swift in Sources */ = {isa = PBXBuildFile; fileRef = 3EED72F12C1F2BF000B55F2F /* ViewController.swift */; };
		3EED72F52C1F2BF000B55F2F /* Base in Resources */ = {isa = PBXBuildFile; fileRef = 3EED72F42C1F2BF000B55F2F /* Base */; };
		3EED72F82C1F2BF000B55F2F /* TodoApp.xcdatamodeld in Sources */ = {isa = PBXBuildFile; fileRef = 3EED72F62C1F2BF000B55F2F /* TodoApp.xcdatamodeld */; };
		3EED72FA2C1F2BF200B55F2F /* Assets.xcassets in Resources */ = {isa = PBXBuildFile; fileRef = 3EED72F92C1F2BF200B55F2F /* Assets.xcassets */; };
		3EED72FD2C1F2BF200B55F2F /* Base in Resources */ = {isa = PBXBuildFile; fileRef = 3EED72FC2C1F2BF200B55F2F /* Base */; };
		3EED731A2C21F7F300B55F2F /* TodoItem.swift in Sources */ = {isa = PBXBuildFile; fileRef = 3EED73192C21F7F300B55F2F /* TodoItem.swift */; };
		3EED731F2C26116800B55F2F /* FileCache.swift in Sources */ = {isa = PBXBuildFile; fileRef = 3EED731E2C26116800B55F2F /* FileCache.swift */; };
		3EED73692C2CC18A00B55F2F /* TodoListView.swift in Sources */ = {isa = PBXBuildFile; fileRef = 3EED73682C2CC18A00B55F2F /* TodoListView.swift */; };
		3EED736B2C2CD28400B55F2F /* MainView.swift in Sources */ = {isa = PBXBuildFile; fileRef = 3EED736A2C2CD28400B55F2F /* MainView.swift */; };
		3EED736D2C2CD63200B55F2F /* HeaderView.swift in Sources */ = {isa = PBXBuildFile; fileRef = 3EED736C2C2CD63200B55F2F /* HeaderView.swift */; };
		3EED736F2C2CDFED00B55F2F /* TodoRow.swift in Sources */ = {isa = PBXBuildFile; fileRef = 3EED736E2C2CDFED00B55F2F /* TodoRow.swift */; };
		3EED73732C2DAD3300B55F2F /* CompleteButton.swift in Sources */ = {isa = PBXBuildFile; fileRef = 3EED73722C2DAD3300B55F2F /* CompleteButton.swift */; };
		3EED73752C2DF4E600B55F2F /* NewItemRowView.swift in Sources */ = {isa = PBXBuildFile; fileRef = 3EED73742C2DF4E600B55F2F /* NewItemRowView.swift */; };
		3EED73792C2E057A00B55F2F /* PlusButton.swift in Sources */ = {isa = PBXBuildFile; fileRef = 3EED73782C2E057A00B55F2F /* PlusButton.swift */; };
		3EED737B2C2E0AEA00B55F2F /* Extension.isShown.swift in Sources */ = {isa = PBXBuildFile; fileRef = 3EED737A2C2E0AEA00B55F2F /* Extension.isShown.swift */; };
		3EED737D2C2E1AEF00B55F2F /* TestView.swift in Sources */ = {isa = PBXBuildFile; fileRef = 3EED737C2C2E1AEF00B55F2F /* TestView.swift */; };
		3EED737F2C2E23A900B55F2F /* TodoProduction.swift in Sources */ = {isa = PBXBuildFile; fileRef = 3EED737E2C2E23A900B55F2F /* TodoProduction.swift */; };
		3EED73812C2E590D00B55F2F /* CustomSegmentedControl.swift in Sources */ = {isa = PBXBuildFile; fileRef = 3EED73802C2E590D00B55F2F /* CustomSegmentedControl.swift */; };
		3EED73832C2F41C400B55F2F /* CustomColorPickerView.swift in Sources */ = {isa = PBXBuildFile; fileRef = 3EED73822C2F41C400B55F2F /* CustomColorPickerView.swift */; };
		3EED73852C2F458D00B55F2F /* ColorExtension.swift in Sources */ = {isa = PBXBuildFile; fileRef = 3EED73842C2F458D00B55F2F /* ColorExtension.swift */; };
		3EED73872C2F4B2500B55F2F /* TaskManager.swift in Sources */ = {isa = PBXBuildFile; fileRef = 3EED73862C2F4B2500B55F2F /* TaskManager.swift */; };
/* End PBXBuildFile section */

/* Begin PBXFileReference section */
		3E33C78A2C34A2EA0087F2D8 /* TodoCalendarView.swift */ = {isa = PBXFileReference; lastKnownFileType = sourcecode.swift; path = TodoCalendarView.swift; sourceTree = "<group>"; };
		3E33C78C2C34B7140087F2D8 /* TodoCalendarCell.swift */ = {isa = PBXFileReference; lastKnownFileType = sourcecode.swift; path = TodoCalendarCell.swift; sourceTree = "<group>"; };
		3E33C78E2C34B7750087F2D8 /* CalendarCollectionCell.swift */ = {isa = PBXFileReference; lastKnownFileType = sourcecode.swift; path = CalendarCollectionCell.swift; sourceTree = "<group>"; };
		3EED72EA2C1F2BF000B55F2F /* TodoApp.app */ = {isa = PBXFileReference; explicitFileType = wrapper.application; includeInIndex = 0; path = TodoApp.app; sourceTree = BUILT_PRODUCTS_DIR; };
		3EED72EF2C1F2BF000B55F2F /* SceneDelegate.swift */ = {isa = PBXFileReference; lastKnownFileType = sourcecode.swift; path = SceneDelegate.swift; sourceTree = "<group>"; };
		3EED72F12C1F2BF000B55F2F /* ViewController.swift */ = {isa = PBXFileReference; lastKnownFileType = sourcecode.swift; path = ViewController.swift; sourceTree = "<group>"; };
		3EED72F42C1F2BF000B55F2F /* Base */ = {isa = PBXFileReference; lastKnownFileType = file.storyboard; name = Base; path = Base.lproj/Main.storyboard; sourceTree = "<group>"; };
		3EED72F72C1F2BF000B55F2F /* TodoApp.xcdatamodel */ = {isa = PBXFileReference; lastKnownFileType = wrapper.xcdatamodel; path = TodoApp.xcdatamodel; sourceTree = "<group>"; };
		3EED72F92C1F2BF200B55F2F /* Assets.xcassets */ = {isa = PBXFileReference; lastKnownFileType = folder.assetcatalog; path = Assets.xcassets; sourceTree = "<group>"; };
		3EED72FC2C1F2BF200B55F2F /* Base */ = {isa = PBXFileReference; lastKnownFileType = file.storyboard; name = Base; path = Base.lproj/LaunchScreen.storyboard; sourceTree = "<group>"; };
		3EED72FE2C1F2BF200B55F2F /* Info.plist */ = {isa = PBXFileReference; lastKnownFileType = text.plist.xml; path = Info.plist; sourceTree = "<group>"; };
		3EED73192C21F7F300B55F2F /* TodoItem.swift */ = {isa = PBXFileReference; lastKnownFileType = sourcecode.swift; path = TodoItem.swift; sourceTree = "<group>"; };
		3EED731E2C26116800B55F2F /* FileCache.swift */ = {isa = PBXFileReference; lastKnownFileType = sourcecode.swift; path = FileCache.swift; sourceTree = "<group>"; };
		3EED73682C2CC18A00B55F2F /* TodoListView.swift */ = {isa = PBXFileReference; lastKnownFileType = sourcecode.swift; path = TodoListView.swift; sourceTree = "<group>"; };
		3EED736A2C2CD28400B55F2F /* MainView.swift */ = {isa = PBXFileReference; lastKnownFileType = sourcecode.swift; path = MainView.swift; sourceTree = "<group>"; };
		3EED736C2C2CD63200B55F2F /* HeaderView.swift */ = {isa = PBXFileReference; lastKnownFileType = sourcecode.swift; path = HeaderView.swift; sourceTree = "<group>"; };
		3EED736E2C2CDFED00B55F2F /* TodoRow.swift */ = {isa = PBXFileReference; lastKnownFileType = sourcecode.swift; path = TodoRow.swift; sourceTree = "<group>"; };
		3EED73722C2DAD3300B55F2F /* CompleteButton.swift */ = {isa = PBXFileReference; lastKnownFileType = sourcecode.swift; path = CompleteButton.swift; sourceTree = "<group>"; };
		3EED73742C2DF4E600B55F2F /* NewItemRowView.swift */ = {isa = PBXFileReference; lastKnownFileType = sourcecode.swift; path = NewItemRowView.swift; sourceTree = "<group>"; };
		3EED73782C2E057A00B55F2F /* PlusButton.swift */ = {isa = PBXFileReference; lastKnownFileType = sourcecode.swift; path = PlusButton.swift; sourceTree = "<group>"; };
		3EED737A2C2E0AEA00B55F2F /* Extension.isShown.swift */ = {isa = PBXFileReference; lastKnownFileType = sourcecode.swift; path = Extension.isShown.swift; sourceTree = "<group>"; };
		3EED737C2C2E1AEF00B55F2F /* TestView.swift */ = {isa = PBXFileReference; lastKnownFileType = sourcecode.swift; path = TestView.swift; sourceTree = "<group>"; };
		3EED737E2C2E23A900B55F2F /* TodoProduction.swift */ = {isa = PBXFileReference; lastKnownFileType = sourcecode.swift; path = TodoProduction.swift; sourceTree = "<group>"; };
		3EED73802C2E590D00B55F2F /* CustomSegmentedControl.swift */ = {isa = PBXFileReference; lastKnownFileType = sourcecode.swift; path = CustomSegmentedControl.swift; sourceTree = "<group>"; };
		3EED73822C2F41C400B55F2F /* CustomColorPickerView.swift */ = {isa = PBXFileReference; lastKnownFileType = sourcecode.swift; path = CustomColorPickerView.swift; sourceTree = "<group>"; };
		3EED73842C2F458D00B55F2F /* ColorExtension.swift */ = {isa = PBXFileReference; lastKnownFileType = sourcecode.swift; path = ColorExtension.swift; sourceTree = "<group>"; };
		3EED73862C2F4B2500B55F2F /* TaskManager.swift */ = {isa = PBXFileReference; lastKnownFileType = sourcecode.swift; path = TaskManager.swift; sourceTree = "<group>"; };
/* End PBXFileReference section */

/* Begin PBXFrameworksBuildPhase section */
		3EED72E72C1F2BF000B55F2F /* Frameworks */ = {
			isa = PBXFrameworksBuildPhase;
			buildActionMask = 2147483647;
			files = (
			);
			runOnlyForDeploymentPostprocessing = 0;
		};
/* End PBXFrameworksBuildPhase section */

/* Begin PBXGroup section */
		3E33C7852C34A0F80087F2D8 /* Components */ = {
			isa = PBXGroup;
			children = (
				3EED736C2C2CD63200B55F2F /* HeaderView.swift */,
				3EED73802C2E590D00B55F2F /* CustomSegmentedControl.swift */,
				3EED73822C2F41C400B55F2F /* CustomColorPickerView.swift */,
				3EED73722C2DAD3300B55F2F /* CompleteButton.swift */,
				3EED73782C2E057A00B55F2F /* PlusButton.swift */,
			);
			path = Components;
			sourceTree = "<group>";
		};
		3E33C7862C34A1B70087F2D8 /* Extensions */ = {
			isa = PBXGroup;
			children = (
				3EED737A2C2E0AEA00B55F2F /* Extension.isShown.swift */,
				3EED73842C2F458D00B55F2F /* ColorExtension.swift */,
			);
			path = Extensions;
			sourceTree = "<group>";
		};
		3E33C7872C34A1D50087F2D8 /* Main */ = {
			isa = PBXGroup;
			children = (
				3EED736A2C2CD28400B55F2F /* MainView.swift */,
			);
			path = Main;
			sourceTree = "<group>";
		};
		3E33C7882C34A27D0087F2D8 /* TodoListViews */ = {
			isa = PBXGroup;
			children = (
				3EED736E2C2CDFED00B55F2F /* TodoRow.swift */,
				3EED737E2C2E23A900B55F2F /* TodoProduction.swift */,
				3EED73742C2DF4E600B55F2F /* NewItemRowView.swift */,
				3EED73682C2CC18A00B55F2F /* TodoListView.swift */,
			);
			path = TodoListViews;
			sourceTree = "<group>";
		};
		3E33C7892C34A29F0087F2D8 /* TodoCalendarViews */ = {
			isa = PBXGroup;
			children = (
				3E33C78A2C34A2EA0087F2D8 /* TodoCalendarView.swift */,
				3E33C78C2C34B7140087F2D8 /* TodoCalendarCell.swift */,
				3E33C78E2C34B7750087F2D8 /* CalendarCollectionCell.swift */,
			);
			path = TodoCalendarViews;
			sourceTree = "<group>";
		};
		3EED72E12C1F2BF000B55F2F = {
			isa = PBXGroup;
			children = (
				3EED72EC2C1F2BF000B55F2F /* TodoApp */,
				3EED72EB2C1F2BF000B55F2F /* Products */,
			);
			sourceTree = "<group>";
		};
		3EED72EB2C1F2BF000B55F2F /* Products */ = {
			isa = PBXGroup;
			children = (
				3EED72EA2C1F2BF000B55F2F /* TodoApp.app */,
			);
			name = Products;
			sourceTree = "<group>";
		};
		3EED72EC2C1F2BF000B55F2F /* TodoApp */ = {
			isa = PBXGroup;
			children = (
				3E33C7862C34A1B70087F2D8 /* Extensions */,
				3EED73672C2CC16F00B55F2F /* View */,
				3EED731E2C26116800B55F2F /* FileCache.swift */,
				3EED72EF2C1F2BF000B55F2F /* SceneDelegate.swift */,
				3EED72F12C1F2BF000B55F2F /* ViewController.swift */,
				3EED72F32C1F2BF000B55F2F /* Main.storyboard */,
				3EED72F92C1F2BF200B55F2F /* Assets.xcassets */,
				3EED72FB2C1F2BF200B55F2F /* LaunchScreen.storyboard */,
				3EED72FE2C1F2BF200B55F2F /* Info.plist */,
				3EED72F62C1F2BF000B55F2F /* TodoApp.xcdatamodeld */,
				3EED73192C21F7F300B55F2F /* TodoItem.swift */,
				3EED737C2C2E1AEF00B55F2F /* TestView.swift */,
				3EED73862C2F4B2500B55F2F /* TaskManager.swift */,
			);
			path = TodoApp;
			sourceTree = "<group>";
		};
		3EED73672C2CC16F00B55F2F /* View */ = {
			isa = PBXGroup;
			children = (
				3E33C7892C34A29F0087F2D8 /* TodoCalendarViews */,
				3E33C7882C34A27D0087F2D8 /* TodoListViews */,
				3E33C7872C34A1D50087F2D8 /* Main */,
				3E33C7852C34A0F80087F2D8 /* Components */,
			);
			path = View;
			sourceTree = "<group>";
		};
/* End PBXGroup section */

/* Begin PBXNativeTarget section */
		3EED72E92C1F2BF000B55F2F /* TodoApp */ = {
			isa = PBXNativeTarget;
			buildConfigurationList = 3EED73012C1F2BF200B55F2F /* Build configuration list for PBXNativeTarget "TodoApp" */;
			buildPhases = (
				3EED72E62C1F2BF000B55F2F /* Sources */,
				3EED72E72C1F2BF000B55F2F /* Frameworks */,
				3EED72E82C1F2BF000B55F2F /* Resources */,
			);
			buildRules = (
			);
			dependencies = (
			);
			name = TodoApp;
			productName = TodoApp;
			productReference = 3EED72EA2C1F2BF000B55F2F /* TodoApp.app */;
			productType = "com.apple.product-type.application";
		};
/* End PBXNativeTarget section */

/* Begin PBXProject section */
		3EED72E22C1F2BF000B55F2F /* Project object */ = {
			isa = PBXProject;
			attributes = {
				BuildIndependentTargetsInParallel = 1;
				LastSwiftUpdateCheck = 1540;
				LastUpgradeCheck = 1540;
				TargetAttributes = {
					3EED72E92C1F2BF000B55F2F = {
						CreatedOnToolsVersion = 15.4;
					};
				};
			};
			buildConfigurationList = 3EED72E52C1F2BF000B55F2F /* Build configuration list for PBXProject "TodoApp" */;
			compatibilityVersion = "Xcode 14.0";
			developmentRegion = en;
			hasScannedForEncodings = 0;
			knownRegions = (
				en,
				Base,
			);
			mainGroup = 3EED72E12C1F2BF000B55F2F;
			productRefGroup = 3EED72EB2C1F2BF000B55F2F /* Products */;
			projectDirPath = "";
			projectRoot = "";
			targets = (
				3EED72E92C1F2BF000B55F2F /* TodoApp */,
			);
		};
/* End PBXProject section */

/* Begin PBXResourcesBuildPhase section */
		3EED72E82C1F2BF000B55F2F /* Resources */ = {
			isa = PBXResourcesBuildPhase;
			buildActionMask = 2147483647;
			files = (
				3EED72FA2C1F2BF200B55F2F /* Assets.xcassets in Resources */,
				3EED72FD2C1F2BF200B55F2F /* Base in Resources */,
				3EED72F52C1F2BF000B55F2F /* Base in Resources */,
			);
			runOnlyForDeploymentPostprocessing = 0;
		};
/* End PBXResourcesBuildPhase section */

/* Begin PBXSourcesBuildPhase section */
		3EED72E62C1F2BF000B55F2F /* Sources */ = {
			isa = PBXSourcesBuildPhase;
			buildActionMask = 2147483647;
			files = (
				3EED737D2C2E1AEF00B55F2F /* TestView.swift in Sources */,
				3EED73692C2CC18A00B55F2F /* TodoListView.swift in Sources */,
				3EED736D2C2CD63200B55F2F /* HeaderView.swift in Sources */,
				3EED73852C2F458D00B55F2F /* ColorExtension.swift in Sources */,
				3EED737F2C2E23A900B55F2F /* TodoProduction.swift in Sources */,
				3EED737B2C2E0AEA00B55F2F /* Extension.isShown.swift in Sources */,
				3EED736F2C2CDFED00B55F2F /* TodoRow.swift in Sources */,
				3EED736B2C2CD28400B55F2F /* MainView.swift in Sources */,
				3E33C78B2C34A2EA0087F2D8 /* TodoCalendarView.swift in Sources */,
				3EED73752C2DF4E600B55F2F /* NewItemRowView.swift in Sources */,
				3EED731A2C21F7F300B55F2F /* TodoItem.swift in Sources */,
				3EED72F22C1F2BF000B55F2F /* ViewController.swift in Sources */,
				3EED73872C2F4B2500B55F2F /* TaskManager.swift in Sources */,
				3EED73832C2F41C400B55F2F /* CustomColorPickerView.swift in Sources */,
				3EED72F02C1F2BF000B55F2F /* SceneDelegate.swift in Sources */,
				3EED731F2C26116800B55F2F /* FileCache.swift in Sources */,
				3EED73732C2DAD3300B55F2F /* CompleteButton.swift in Sources */,
				3E33C78D2C34B7140087F2D8 /* TodoCalendarCell.swift in Sources */,
				3EED72F82C1F2BF000B55F2F /* TodoApp.xcdatamodeld in Sources */,
				3E33C78F2C34B7750087F2D8 /* CalendarCollectionCell.swift in Sources */,
				3EED73792C2E057A00B55F2F /* PlusButton.swift in Sources */,
				3EED73812C2E590D00B55F2F /* CustomSegmentedControl.swift in Sources */,
			);
			runOnlyForDeploymentPostprocessing = 0;
		};
/* End PBXSourcesBuildPhase section */

/* Begin PBXVariantGroup section */
		3EED72F32C1F2BF000B55F2F /* Main.storyboard */ = {
			isa = PBXVariantGroup;
			children = (
				3EED72F42C1F2BF000B55F2F /* Base */,
			);
			name = Main.storyboard;
			sourceTree = "<group>";
		};
		3EED72FB2C1F2BF200B55F2F /* LaunchScreen.storyboard */ = {
			isa = PBXVariantGroup;
			children = (
				3EED72FC2C1F2BF200B55F2F /* Base */,
			);
			name = LaunchScreen.storyboard;
			sourceTree = "<group>";
		};
/* End PBXVariantGroup section */

/* Begin XCBuildConfiguration section */
		3EED72FF2C1F2BF200B55F2F /* Debug */ = {
			isa = XCBuildConfiguration;
			buildSettings = {
				ALWAYS_SEARCH_USER_PATHS = NO;
				ASSETCATALOG_COMPILER_GENERATE_SWIFT_ASSET_SYMBOL_EXTENSIONS = YES;
				CLANG_ANALYZER_NONNULL = YES;
				CLANG_ANALYZER_NUMBER_OBJECT_CONVERSION = YES_AGGRESSIVE;
				CLANG_CXX_LANGUAGE_STANDARD = "gnu++20";
				CLANG_ENABLE_MODULES = YES;
				CLANG_ENABLE_OBJC_ARC = YES;
				CLANG_ENABLE_OBJC_WEAK = YES;
				CLANG_WARN_BLOCK_CAPTURE_AUTORELEASING = YES;
				CLANG_WARN_BOOL_CONVERSION = YES;
				CLANG_WARN_COMMA = YES;
				CLANG_WARN_CONSTANT_CONVERSION = YES;
				CLANG_WARN_DEPRECATED_OBJC_IMPLEMENTATIONS = YES;
				CLANG_WARN_DIRECT_OBJC_ISA_USAGE = YES_ERROR;
				CLANG_WARN_DOCUMENTATION_COMMENTS = YES;
				CLANG_WARN_EMPTY_BODY = YES;
				CLANG_WARN_ENUM_CONVERSION = YES;
				CLANG_WARN_INFINITE_RECURSION = YES;
				CLANG_WARN_INT_CONVERSION = YES;
				CLANG_WARN_NON_LITERAL_NULL_CONVERSION = YES;
				CLANG_WARN_OBJC_IMPLICIT_RETAIN_SELF = YES;
				CLANG_WARN_OBJC_LITERAL_CONVERSION = YES;
				CLANG_WARN_OBJC_ROOT_CLASS = YES_ERROR;
				CLANG_WARN_QUOTED_INCLUDE_IN_FRAMEWORK_HEADER = YES;
				CLANG_WARN_RANGE_LOOP_ANALYSIS = YES;
				CLANG_WARN_STRICT_PROTOTYPES = YES;
				CLANG_WARN_SUSPICIOUS_MOVE = YES;
				CLANG_WARN_UNGUARDED_AVAILABILITY = YES_AGGRESSIVE;
				CLANG_WARN_UNREACHABLE_CODE = YES;
				CLANG_WARN__DUPLICATE_METHOD_MATCH = YES;
				COPY_PHASE_STRIP = NO;
				DEBUG_INFORMATION_FORMAT = dwarf;
				ENABLE_STRICT_OBJC_MSGSEND = YES;
				ENABLE_TESTABILITY = YES;
				ENABLE_USER_SCRIPT_SANDBOXING = YES;
				GCC_C_LANGUAGE_STANDARD = gnu17;
				GCC_DYNAMIC_NO_PIC = NO;
				GCC_NO_COMMON_BLOCKS = YES;
				GCC_OPTIMIZATION_LEVEL = 0;
				GCC_PREPROCESSOR_DEFINITIONS = (
					"DEBUG=1",
					"$(inherited)",
				);
				GCC_WARN_64_TO_32_BIT_CONVERSION = YES;
				GCC_WARN_ABOUT_RETURN_TYPE = YES_ERROR;
				GCC_WARN_UNDECLARED_SELECTOR = YES;
				GCC_WARN_UNINITIALIZED_AUTOS = YES_AGGRESSIVE;
				GCC_WARN_UNUSED_FUNCTION = YES;
				GCC_WARN_UNUSED_VARIABLE = YES;
				IPHONEOS_DEPLOYMENT_TARGET = 17.5;
				LOCALIZATION_PREFERS_STRING_CATALOGS = YES;
				MTL_ENABLE_DEBUG_INFO = INCLUDE_SOURCE;
				MTL_FAST_MATH = YES;
				ONLY_ACTIVE_ARCH = YES;
				SDKROOT = iphoneos;
				SWIFT_ACTIVE_COMPILATION_CONDITIONS = "DEBUG $(inherited)";
				SWIFT_OPTIMIZATION_LEVEL = "-Onone";
			};
			name = Debug;
		};
		3EED73002C1F2BF200B55F2F /* Release */ = {
			isa = XCBuildConfiguration;
			buildSettings = {
				ALWAYS_SEARCH_USER_PATHS = NO;
				ASSETCATALOG_COMPILER_GENERATE_SWIFT_ASSET_SYMBOL_EXTENSIONS = YES;
				CLANG_ANALYZER_NONNULL = YES;
				CLANG_ANALYZER_NUMBER_OBJECT_CONVERSION = YES_AGGRESSIVE;
				CLANG_CXX_LANGUAGE_STANDARD = "gnu++20";
				CLANG_ENABLE_MODULES = YES;
				CLANG_ENABLE_OBJC_ARC = YES;
				CLANG_ENABLE_OBJC_WEAK = YES;
				CLANG_WARN_BLOCK_CAPTURE_AUTORELEASING = YES;
				CLANG_WARN_BOOL_CONVERSION = YES;
				CLANG_WARN_COMMA = YES;
				CLANG_WARN_CONSTANT_CONVERSION = YES;
				CLANG_WARN_DEPRECATED_OBJC_IMPLEMENTATIONS = YES;
				CLANG_WARN_DIRECT_OBJC_ISA_USAGE = YES_ERROR;
				CLANG_WARN_DOCUMENTATION_COMMENTS = YES;
				CLANG_WARN_EMPTY_BODY = YES;
				CLANG_WARN_ENUM_CONVERSION = YES;
				CLANG_WARN_INFINITE_RECURSION = YES;
				CLANG_WARN_INT_CONVERSION = YES;
				CLANG_WARN_NON_LITERAL_NULL_CONVERSION = YES;
				CLANG_WARN_OBJC_IMPLICIT_RETAIN_SELF = YES;
				CLANG_WARN_OBJC_LITERAL_CONVERSION = YES;
				CLANG_WARN_OBJC_ROOT_CLASS = YES_ERROR;
				CLANG_WARN_QUOTED_INCLUDE_IN_FRAMEWORK_HEADER = YES;
				CLANG_WARN_RANGE_LOOP_ANALYSIS = YES;
				CLANG_WARN_STRICT_PROTOTYPES = YES;
				CLANG_WARN_SUSPICIOUS_MOVE = YES;
				CLANG_WARN_UNGUARDED_AVAILABILITY = YES_AGGRESSIVE;
				CLANG_WARN_UNREACHABLE_CODE = YES;
				CLANG_WARN__DUPLICATE_METHOD_MATCH = YES;
				COPY_PHASE_STRIP = NO;
				DEBUG_INFORMATION_FORMAT = "dwarf-with-dsym";
				ENABLE_NS_ASSERTIONS = NO;
				ENABLE_STRICT_OBJC_MSGSEND = YES;
				ENABLE_USER_SCRIPT_SANDBOXING = YES;
				GCC_C_LANGUAGE_STANDARD = gnu17;
				GCC_NO_COMMON_BLOCKS = YES;
				GCC_WARN_64_TO_32_BIT_CONVERSION = YES;
				GCC_WARN_ABOUT_RETURN_TYPE = YES_ERROR;
				GCC_WARN_UNDECLARED_SELECTOR = YES;
				GCC_WARN_UNINITIALIZED_AUTOS = YES_AGGRESSIVE;
				GCC_WARN_UNUSED_FUNCTION = YES;
				GCC_WARN_UNUSED_VARIABLE = YES;
				IPHONEOS_DEPLOYMENT_TARGET = 17.5;
				LOCALIZATION_PREFERS_STRING_CATALOGS = YES;
				MTL_ENABLE_DEBUG_INFO = NO;
				MTL_FAST_MATH = YES;
				SDKROOT = iphoneos;
				SWIFT_COMPILATION_MODE = wholemodule;
				VALIDATE_PRODUCT = YES;
			};
			name = Release;
		};
		3EED73022C1F2BF200B55F2F /* Debug */ = {
			isa = XCBuildConfiguration;
			buildSettings = {
				ASSETCATALOG_COMPILER_APPICON_NAME = AppIcon;
				ASSETCATALOG_COMPILER_GLOBAL_ACCENT_COLOR_NAME = AccentColor;
				CODE_SIGN_STYLE = Automatic;
				CURRENT_PROJECT_VERSION = 1;
				DEVELOPMENT_TEAM = G3H6JDK669;
				GENERATE_INFOPLIST_FILE = YES;
				INFOPLIST_FILE = TodoApp/Info.plist;
				INFOPLIST_KEY_UIApplicationSceneManifest_Generation = YES;
				INFOPLIST_KEY_UIApplicationSupportsIndirectInputEvents = YES;
				INFOPLIST_KEY_UILaunchStoryboardName = LaunchScreen;
				INFOPLIST_KEY_UIMainStoryboardFile = Main;
				INFOPLIST_KEY_UISupportedInterfaceOrientations_iPad = "UIInterfaceOrientationPortrait UIInterfaceOrientationPortraitUpsideDown UIInterfaceOrientationLandscapeLeft UIInterfaceOrientationLandscapeRight";
				INFOPLIST_KEY_UISupportedInterfaceOrientations_iPhone = "UIInterfaceOrientationPortrait UIInterfaceOrientationLandscapeLeft UIInterfaceOrientationLandscapeRight";
				IPHONEOS_DEPLOYMENT_TARGET = 17.0;
				LD_RUNPATH_SEARCH_PATHS = (
					"$(inherited)",
					"@executable_path/Frameworks",
				);
				MARKETING_VERSION = 1.0;
				PRODUCT_BUNDLE_IDENTIFIER = folawer21.TodoApp;
				PRODUCT_NAME = "$(TARGET_NAME)";
				SUPPORTED_PLATFORMS = "iphoneos iphonesimulator";
				SUPPORTS_MACCATALYST = NO;
				SUPPORTS_MAC_DESIGNED_FOR_IPHONE_IPAD = NO;
				SUPPORTS_XR_DESIGNED_FOR_IPHONE_IPAD = NO;
				SWIFT_EMIT_LOC_STRINGS = YES;
				SWIFT_VERSION = 5.0;
				TARGETED_DEVICE_FAMILY = 1;
			};
			name = Debug;
		};
		3EED73032C1F2BF200B55F2F /* Release */ = {
			isa = XCBuildConfiguration;
			buildSettings = {
				ASSETCATALOG_COMPILER_APPICON_NAME = AppIcon;
				ASSETCATALOG_COMPILER_GLOBAL_ACCENT_COLOR_NAME = AccentColor;
				CODE_SIGN_STYLE = Automatic;
				CURRENT_PROJECT_VERSION = 1;
				DEVELOPMENT_TEAM = G3H6JDK669;
				GENERATE_INFOPLIST_FILE = YES;
				INFOPLIST_FILE = TodoApp/Info.plist;
				INFOPLIST_KEY_UIApplicationSceneManifest_Generation = YES;
				INFOPLIST_KEY_UIApplicationSupportsIndirectInputEvents = YES;
				INFOPLIST_KEY_UILaunchStoryboardName = LaunchScreen;
				INFOPLIST_KEY_UIMainStoryboardFile = Main;
				INFOPLIST_KEY_UISupportedInterfaceOrientations_iPad = "UIInterfaceOrientationPortrait UIInterfaceOrientationPortraitUpsideDown UIInterfaceOrientationLandscapeLeft UIInterfaceOrientationLandscapeRight";
				INFOPLIST_KEY_UISupportedInterfaceOrientations_iPhone = "UIInterfaceOrientationPortrait UIInterfaceOrientationLandscapeLeft UIInterfaceOrientationLandscapeRight";
				IPHONEOS_DEPLOYMENT_TARGET = 17.0;
				LD_RUNPATH_SEARCH_PATHS = (
					"$(inherited)",
					"@executable_path/Frameworks",
				);
				MARKETING_VERSION = 1.0;
				PRODUCT_BUNDLE_IDENTIFIER = folawer21.TodoApp;
				PRODUCT_NAME = "$(TARGET_NAME)";
				SUPPORTED_PLATFORMS = "iphoneos iphonesimulator";
				SUPPORTS_MACCATALYST = NO;
				SUPPORTS_MAC_DESIGNED_FOR_IPHONE_IPAD = NO;
				SUPPORTS_XR_DESIGNED_FOR_IPHONE_IPAD = NO;
				SWIFT_EMIT_LOC_STRINGS = YES;
				SWIFT_VERSION = 5.0;
				TARGETED_DEVICE_FAMILY = 1;
			};
			name = Release;
		};
/* End XCBuildConfiguration section */

/* Begin XCConfigurationList section */
		3EED72E52C1F2BF000B55F2F /* Build configuration list for PBXProject "TodoApp" */ = {
			isa = XCConfigurationList;
			buildConfigurations = (
				3EED72FF2C1F2BF200B55F2F /* Debug */,
				3EED73002C1F2BF200B55F2F /* Release */,
			);
			defaultConfigurationIsVisible = 0;
			defaultConfigurationName = Release;
		};
		3EED73012C1F2BF200B55F2F /* Build configuration list for PBXNativeTarget "TodoApp" */ = {
			isa = XCConfigurationList;
			buildConfigurations = (
				3EED73022C1F2BF200B55F2F /* Debug */,
				3EED73032C1F2BF200B55F2F /* Release */,
			);
			defaultConfigurationIsVisible = 0;
			defaultConfigurationName = Release;
		};
/* End XCConfigurationList section */

/* Begin XCVersionGroup section */
		3EED72F62C1F2BF000B55F2F /* TodoApp.xcdatamodeld */ = {
			isa = XCVersionGroup;
			children = (
				3EED72F72C1F2BF000B55F2F /* TodoApp.xcdatamodel */,
			);
			currentVersion = 3EED72F72C1F2BF000B55F2F /* TodoApp.xcdatamodel */;
			path = TodoApp.xcdatamodeld;
			sourceTree = "<group>";
			versionGroupType = wrapper.xcdatamodel;
		};
/* End XCVersionGroup section */
	};
	rootObject = 3EED72E22C1F2BF000B55F2F /* Project object */;
}
